
Microsoft Visual Studio Solution File, Format Version 12.00
# Visual Studio Version 18
VisualStudioVersion = 18.4.11626.88
MinimumVisualStudioVersion = 10.0.40219.1
Project("{2150E333-8FDC-42A3-9474-1A3956D46DE8}") = "src", "src", "{47E267F0-90BD-4F5B-8905-BF866D593638}"
EndProject
Project("{2150E333-8FDC-42A3-9474-1A3956D46DE8}") = "tests", "tests", "{2CEBE9E7-F0A8-47E8-8320-82EB088B1381}"
EndProject
Project("{9A19103F-16F7-4668-BE54-9A1E7A4F7556}") = "NepDate", "src\NepDate\NepDate.csproj", "{8CCC2CD6-5912-4565-A18F-1FA5E1CE5ABB}"
EndProject
Project("{9A19103F-16F7-4668-BE54-9A1E7A4F7556}") = "NepDate.Tests", "tests\NepDate.Tests\NepDate.Tests.csproj", "{4089BEE0-2B8D-4DFD-923D-57251972416E}"
EndProject
Project("{2150E333-8FDC-42A3-9474-1A3956D46DE8}") = "benchmarks", "benchmarks", "{F3024C3C-D686-4F00-BA9B-7C9D5E032791}"
EndProject
Project("{9A19103F-16F7-4668-BE54-9A1E7A4F7556}") = "NepDate.Benchmarks", "benchmarks\NepDate.Benchmarks\NepDate.Benchmarks.csproj", "{98560507-293F-4282-A3E9-83D4A7848B7C}"
EndProject
Project("{2150E333-8FDC-42A3-9474-1A3956D46DE8}") = "tools", "tools", "{AC51FF99-31A3-46CE-B2CF-8EAC970006E7}"
EndProject
Project("{9A19103F-16F7-4668-BE54-9A1E7A4F7556}") = "HamroPatroScraper", "tools\HamroPatroScraper\HamroPatroScraper.csproj", "{CE37A77A-2771-48E1-8E60-894EBBA74607}"
EndProject
Project("{FAE04EC0-301F-11D3-BF4B-00C04F79EFBC}") = "NepDate.MemoryBenchmark", "benchmarks\NepDate.MemoryBenchmark\NepDate.MemoryBenchmark.csproj", "{B29A45AB-3D42-49A7-8474-8AF28354024A}"
EndProject
Project("{FAE04EC0-301F-11D3-BF4B-00C04F79EFBC}") = "NepDateExamples", "src\Examples\NepDateExamples.csproj", "{AD24F79A-0810-4A42-A072-E1BA2857BDC3}"
EndProject
Project("{FAE04EC0-301F-11D3-BF4B-00C04F79EFBC}") = "HamroPatroScraper.Tests", "tools\HamroPatroScraper.Tests\HamroPatroScraper.Tests.csproj", "{D26B85AB-4312-46BF-8F83-B5570F381B5A}"
EndProject
Project("{FAE04EC0-301F-11D3-BF4B-00C04F79EFBC}") = "CalendarDataGenerator", "tools\CalendarDataGenerator\CalendarDataGenerator.csproj", "{B9039B37-34D4-4AE2-8C0A-D69280A475B2}"
EndProject
Project("{FAE04EC0-301F-11D3-BF4B-00C04F79EFBC}") = "CalendarDataGenerator.Tests", "tools\CalendarDataGenerator.Tests\CalendarDataGenerator.Tests.csproj", "{635D9BE7-15AA-A938-9444-C6F9137276D9}"
EndProject
Global
	GlobalSection(SolutionConfigurationPlatforms) = preSolution
		Debug|Any CPU = Debug|Any CPU
		Debug|x64 = Debug|x64
		Debug|x86 = Debug|x86
		Release|Any CPU = Release|Any CPU
		Release|x64 = Release|x64
		Release|x86 = Release|x86
	EndGlobalSection
	GlobalSection(ProjectConfigurationPlatforms) = postSolution
		{8CCC2CD6-5912-4565-A18F-1FA5E1CE5ABB}.Debug|Any CPU.ActiveCfg = Debug|Any CPU
		{8CCC2CD6-5912-4565-A18F-1FA5E1CE5ABB}.Debug|Any CPU.Build.0 = Debug|Any CPU
		{8CCC2CD6-5912-4565-A18F-1FA5E1CE5ABB}.Debug|x64.ActiveCfg = Debug|Any CPU
		{8CCC2CD6-5912-4565-A18F-1FA5E1CE5ABB}.Debug|x64.Build.0 = Debug|Any CPU
		{8CCC2CD6-5912-4565-A18F-1FA5E1CE5ABB}.Debug|x86.ActiveCfg = Debug|Any CPU
		{8CCC2CD6-5912-4565-A18F-1FA5E1CE5ABB}.Debug|x86.Build.0 = Debug|Any CPU
		{8CCC2CD6-5912-4565-A18F-1FA5E1CE5ABB}.Release|Any CPU.ActiveCfg = Release|Any CPU
		{8CCC2CD6-5912-4565-A18F-1FA5E1CE5ABB}.Release|Any CPU.Build.0 = Release|Any CPU
		{8CCC2CD6-5912-4565-A18F-1FA5E1CE5ABB}.Release|x64.ActiveCfg = Release|Any CPU
		{8CCC2CD6-5912-4565-A18F-1FA5E1CE5ABB}.Release|x64.Build.0 = Release|Any CPU
		{8CCC2CD6-5912-4565-A18F-1FA5E1CE5ABB}.Release|x86.ActiveCfg = Release|Any CPU
		{8CCC2CD6-5912-4565-A18F-1FA5E1CE5ABB}.Release|x86.Build.0 = Release|Any CPU
		{4089BEE0-2B8D-4DFD-923D-57251972416E}.Debug|Any CPU.ActiveCfg = Debug|Any CPU
		{4089BEE0-2B8D-4DFD-923D-57251972416E}.Debug|Any CPU.Build.0 = Debug|Any CPU
		{4089BEE0-2B8D-4DFD-923D-57251972416E}.Debug|x64.ActiveCfg = Debug|Any CPU
		{4089BEE0-2B8D-4DFD-923D-57251972416E}.Debug|x64.Build.0 = Debug|Any CPU
		{4089BEE0-2B8D-4DFD-923D-57251972416E}.Debug|x86.ActiveCfg = Debug|Any CPU
		{4089BEE0-2B8D-4DFD-923D-57251972416E}.Debug|x86.Build.0 = Debug|Any CPU
		{4089BEE0-2B8D-4DFD-923D-57251972416E}.Release|Any CPU.ActiveCfg = Release|Any CPU
		{4089BEE0-2B8D-4DFD-923D-57251972416E}.Release|Any CPU.Build.0 = Release|Any CPU
		{4089BEE0-2B8D-4DFD-923D-57251972416E}.Release|x64.ActiveCfg = Release|Any CPU
		{4089BEE0-2B8D-4DFD-923D-57251972416E}.Release|x64.Build.0 = Release|Any CPU
		{4089BEE0-2B8D-4DFD-923D-57251972416E}.Release|x86.ActiveCfg = Release|Any CPU
		{4089BEE0-2B8D-4DFD-923D-57251972416E}.Release|x86.Build.0 = Release|Any CPU
		{98560507-293F-4282-A3E9-83D4A7848B7C}.Debug|Any CPU.ActiveCfg = Debug|Any CPU
		{98560507-293F-4282-A3E9-83D4A7848B7C}.Debug|Any CPU.Build.0 = Debug|Any CPU
		{98560507-293F-4282-A3E9-83D4A7848B7C}.Debug|x64.ActiveCfg = Debug|Any CPU
		{98560507-293F-4282-A3E9-83D4A7848B7C}.Debug|x64.Build.0 = Debug|Any CPU
		{98560507-293F-4282-A3E9-83D4A7848B7C}.Debug|x86.ActiveCfg = Debug|Any CPU
		{98560507-293F-4282-A3E9-83D4A7848B7C}.Debug|x86.Build.0 = Debug|Any CPU
		{98560507-293F-4282-A3E9-83D4A7848B7C}.Release|Any CPU.ActiveCfg = Release|Any CPU
		{98560507-293F-4282-A3E9-83D4A7848B7C}.Release|Any CPU.Build.0 = Release|Any CPU
		{98560507-293F-4282-A3E9-83D4A7848B7C}.Release|x64.ActiveCfg = Release|Any CPU
		{98560507-293F-4282-A3E9-83D4A7848B7C}.Release|x64.Build.0 = Release|Any CPU
		{98560507-293F-4282-A3E9-83D4A7848B7C}.Release|x86.ActiveCfg = Release|Any CPU
		{98560507-293F-4282-A3E9-83D4A7848B7C}.Release|x86.Build.0 = Release|Any CPU
		{CE37A77A-2771-48E1-8E60-894EBBA74607}.Debug|Any CPU.ActiveCfg = Debug|Any CPU
		{CE37A77A-2771-48E1-8E60-894EBBA74607}.Debug|Any CPU.Build.0 = Debug|Any CPU
		{CE37A77A-2771-48E1-8E60-894EBBA74607}.Debug|x64.ActiveCfg = Debug|Any CPU
		{CE37A77A-2771-48E1-8E60-894EBBA74607}.Debug|x64.Build.0 = Debug|Any CPU
		{CE37A77A-2771-48E1-8E60-894EBBA74607}.Debug|x86.ActiveCfg = Debug|Any CPU
		{CE37A77A-2771-48E1-8E60-894EBBA74607}.Debug|x86.Build.0 = Debug|Any CPU
		{CE37A77A-2771-48E1-8E60-894EBBA74607}.Release|Any CPU.ActiveCfg = Release|Any CPU
		{CE37A77A-2771-48E1-8E60-894EBBA74607}.Release|Any CPU.Build.0 = Release|Any CPU
		{CE37A77A-2771-48E1-8E60-894EBBA74607}.Release|x64.ActiveCfg = Release|Any CPU
		{CE37A77A-2771-48E1-8E60-894EBBA74607}.Release|x64.Build.0 = Release|Any CPU
		{CE37A77A-2771-48E1-8E60-894EBBA74607}.Release|x86.ActiveCfg = Release|Any CPU
		{CE37A77A-2771-48E1-8E60-894EBBA74607}.Release|x86.Build.0 = Release|Any CPU
		{B29A45AB-3D42-49A7-8474-8AF28354024A}.Debug|Any CPU.ActiveCfg = Debug|Any CPU
		{B29A45AB-3D42-49A7-8474-8AF28354024A}.Debug|Any CPU.Build.0 = Debug|Any CPU
		{B29A45AB-3D42-49A7-8474-8AF28354024A}.Debug|x64.ActiveCfg = Debug|Any CPU
		{B29A45AB-3D42-49A7-8474-8AF28354024A}.Debug|x64.Build.0 = Debug|Any CPU
		{B29A45AB-3D42-49A7-8474-8AF28354024A}.Debug|x86.ActiveCfg = Debug|Any CPU
		{B29A45AB-3D42-49A7-8474-8AF28354024A}.Debug|x86.Build.0 = Debug|Any CPU
		{B29A45AB-3D42-49A7-8474-8AF28354024A}.Release|Any CPU.ActiveCfg = Release|Any CPU
		{B29A45AB-3D42-49A7-8474-8AF28354024A}.Release|Any CPU.Build.0 = Release|Any CPU
		{B29A45AB-3D42-49A7-8474-8AF28354024A}.Release|x64.ActiveCfg = Release|Any CPU
		{B29A45AB-3D42-49A7-8474-8AF28354024A}.Release|x64.Build.0 = Release|Any CPU
		{B29A45AB-3D42-49A7-8474-8AF28354024A}.Release|x86.ActiveCfg = Release|Any CPU
		{B29A45AB-3D42-49A7-8474-8AF28354024A}.Release|x86.Build.0 = Release|Any CPU
		{AD24F79A-0810-4A42-A072-E1BA2857BDC3}.Debug|Any CPU.ActiveCfg = Debug|Any CPU
		{AD24F79A-0810-4A42-A072-E1BA2857BDC3}.Debug|Any CPU.Build.0 = Debug|Any CPU
		{AD24F79A-0810-4A42-A072-E1BA2857BDC3}.Debug|x64.ActiveCfg = Debug|Any CPU
		{AD24F79A-0810-4A42-A072-E1BA2857BDC3}.Debug|x64.Build.0 = Debug|Any CPU
		{AD24F79A-0810-4A42-A072-E1BA2857BDC3}.Debug|x86.ActiveCfg = Debug|Any CPU
		{AD24F79A-0810-4A42-A072-E1BA2857BDC3}.Debug|x86.Build.0 = Debug|Any CPU
		{AD24F79A-0810-4A42-A072-E1BA2857BDC3}.Release|Any CPU.ActiveCfg = Release|Any CPU
		{AD24F79A-0810-4A42-A072-E1BA2857BDC3}.Release|Any CPU.Build.0 = Release|Any CPU
		{AD24F79A-0810-4A42-A072-E1BA2857BDC3}.Release|x64.ActiveCfg = Release|Any CPU
		{AD24F79A-0810-4A42-A072-E1BA2857BDC3}.Release|x64.Build.0 = Release|Any CPU
		{AD24F79A-0810-4A42-A072-E1BA2857BDC3}.Release|x86.ActiveCfg = Release|Any CPU
		{AD24F79A-0810-4A42-A072-E1BA2857BDC3}.Release|x86.Build.0 = Release|Any CPU
		{D26B85AB-4312-46BF-8F83-B5570F381B5A}.Debug|Any CPU.ActiveCfg = Debug|Any CPU
		{D26B85AB-4312-46BF-8F83-B5570F381B5A}.Debug|Any CPU.Build.0 = Debug|Any CPU
		{D26B85AB-4312-46BF-8F83-B5570F381B5A}.Debug|x64.ActiveCfg = Debug|Any CPU
		{D26B85AB-4312-46BF-8F83-B5570F381B5A}.Debug|x64.Build.0 = Debug|Any CPU
		{D26B85AB-4312-46BF-8F83-B5570F381B5A}.Debug|x86.ActiveCfg = Debug|Any CPU
		{D26B85AB-4312-46BF-8F83-B5570F381B5A}.Debug|x86.Build.0 = Debug|Any CPU
		{D26B85AB-4312-46BF-8F83-B5570F381B5A}.Release|Any CPU.ActiveCfg = Release|Any CPU
		{D26B85AB-4312-46BF-8F83-B5570F381B5A}.Release|Any CPU.Build.0 = Release|Any CPU
		{D26B85AB-4312-46BF-8F83-B5570F381B5A}.Release|x64.ActiveCfg = Release|Any CPU
		{D26B85AB-4312-46BF-8F83-B5570F381B5A}.Release|x64.Build.0 = Release|Any CPU
		{D26B85AB-4312-46BF-8F83-B5570F381B5A}.Release|x86.ActiveCfg = Release|Any CPU
		{D26B85AB-4312-46BF-8F83-B5570F381B5A}.Release|x86.Build.0 = Release|Any CPU
		{B9039B37-34D4-4AE2-8C0A-D69280A475B2}.Debug|Any CPU.ActiveCfg = Debug|Any CPU
		{B9039B37-34D4-4AE2-8C0A-D69280A475B2}.Debug|Any CPU.Build.0 = Debug|Any CPU
		{B9039B37-34D4-4AE2-8C0A-D69280A475B2}.Debug|x64.ActiveCfg = Debug|Any CPU
		{B9039B37-34D4-4AE2-8C0A-D69280A475B2}.Debug|x64.Build.0 = Debug|Any CPU
		{B9039B37-34D4-4AE2-8C0A-D69280A475B2}.Debug|x86.ActiveCfg = Debug|Any CPU
		{B9039B37-34D4-4AE2-8C0A-D69280A475B2}.Debug|x86.Build.0 = Debug|Any CPU
		{B9039B37-34D4-4AE2-8C0A-D69280A475B2}.Release|Any CPU.ActiveCfg = Release|Any CPU
		{B9039B37-34D4-4AE2-8C0A-D69280A475B2}.Release|Any CPU.Build.0 = Release|Any CPU
		{B9039B37-34D4-4AE2-8C0A-D69280A475B2}.Release|x64.ActiveCfg = Release|Any CPU
		{B9039B37-34D4-4AE2-8C0A-D69280A475B2}.Release|x64.Build.0 = Release|Any CPU
		{B9039B37-34D4-4AE2-8C0A-D69280A475B2}.Release|x86.ActiveCfg = Release|Any CPU
		{B9039B37-34D4-4AE2-8C0A-D69280A475B2}.Release|x86.Build.0 = Release|Any CPU
		{635D9BE7-15AA-A938-9444-C6F9137276D9}.Debug|Any CPU.ActiveCfg = Debug|Any CPU
		{635D9BE7-15AA-A938-9444-C6F9137276D9}.Debug|Any CPU.Build.0 = Debug|Any CPU
		{635D9BE7-15AA-A938-9444-C6F9137276D9}.Debug|x64.ActiveCfg = Debug|Any CPU
		{635D9BE7-15AA-A938-9444-C6F9137276D9}.Debug|x64.Build.0 = Debug|Any CPU
		{635D9BE7-15AA-A938-9444-C6F9137276D9}.Debug|x86.ActiveCfg = Debug|Any CPU
		{635D9BE7-15AA-A938-9444-C6F9137276D9}.Debug|x86.Build.0 = Debug|Any CPU
		{635D9BE7-15AA-A938-9444-C6F9137276D9}.Release|Any CPU.ActiveCfg = Release|Any CPU
		{635D9BE7-15AA-A938-9444-C6F9137276D9}.Release|Any CPU.Build.0 = Release|Any CPU
		{635D9BE7-15AA-A938-9444-C6F9137276D9}.Release|x64.ActiveCfg = Release|Any CPU
		{635D9BE7-15AA-A938-9444-C6F9137276D9}.Release|x64.Build.0 = Release|Any CPU
		{635D9BE7-15AA-A938-9444-C6F9137276D9}.Release|x86.ActiveCfg = Release|Any CPU
		{635D9BE7-15AA-A938-9444-C6F9137276D9}.Release|x86.Build.0 = Release|Any CPU
	EndGlobalSection
	GlobalSection(SolutionProperties) = preSolution
		HideSolutionNode = FALSE
	EndGlobalSection
	GlobalSection(NestedProjects) = preSolution
		{8CCC2CD6-5912-4565-A18F-1FA5E1CE5ABB} = {47E267F0-90BD-4F5B-8905-BF866D593638}
		{4089BEE0-2B8D-4DFD-923D-57251972416E} = {2CEBE9E7-F0A8-47E8-8320-82EB088B1381}
		{98560507-293F-4282-A3E9-83D4A7848B7C} = {F3024C3C-D686-4F00-BA9B-7C9D5E032791}
		{CE37A77A-2771-48E1-8E60-894EBBA74607} = {AC51FF99-31A3-46CE-B2CF-8EAC970006E7}
		{B29A45AB-3D42-49A7-8474-8AF28354024A} = {F3024C3C-D686-4F00-BA9B-7C9D5E032791}
		{AD24F79A-0810-4A42-A072-E1BA2857BDC3} = {47E267F0-90BD-4F5B-8905-BF866D593638}
		{D26B85AB-4312-46BF-8F83-B5570F381B5A} = {AC51FF99-31A3-46CE-B2CF-8EAC970006E7}
		{B9039B37-34D4-4AE2-8C0A-D69280A475B2} = {AC51FF99-31A3-46CE-B2CF-8EAC970006E7}
		{635D9BE7-15AA-A938-9444-C6F9137276D9} = {AC51FF99-31A3-46CE-B2CF-8EAC970006E7}
	EndGlobalSection
	GlobalSection(ExtensibilityGlobals) = postSolution
		SolutionGuid = {A76FC618-B3D7-4FBF-9F3D-A06A75D8EA99}
	EndGlobalSection
EndGlobal
